// !$*UTF8*$!
{
	archiveVersion = 1;
	classes = {
	};
	objectVersion = 46;
	objects = {

/* Begin PBXBuildFile section */
		972F93361BDBE24500612765 /* AppDelegate.swift in Sources */ = {isa = PBXBuildFile; fileRef = 972F93351BDBE24500612765 /* AppDelegate.swift */; };
		972F93381BDBE24500612765 /* ViewController.swift in Sources */ = {isa = PBXBuildFile; fileRef = 972F93371BDBE24500612765 /* ViewController.swift */; };
		972F933B1BDBE24500612765 /* Main.storyboard in Resources */ = {isa = PBXBuildFile; fileRef = 972F93391BDBE24500612765 /* Main.storyboard */; };
		972F933D1BDBE24500612765 /* Assets.xcassets in Resources */ = {isa = PBXBuildFile; fileRef = 972F933C1BDBE24500612765 /* Assets.xcassets */; };
		972F93401BDBE24500612765 /* LaunchScreen.storyboard in Resources */ = {isa = PBXBuildFile; fileRef = 972F933E1BDBE24500612765 /* LaunchScreen.storyboard */; };
		972F934B1BDBE24500612765 /* Picth_PerfectTests.swift in Sources */ = {isa = PBXBuildFile; fileRef = 972F934A1BDBE24500612765 /* Picth_PerfectTests.swift */; };
		972F93561BDBE24500612765 /* Picth_PerfectUITests.swift in Sources */ = {isa = PBXBuildFile; fileRef = 972F93551BDBE24500612765 /* Picth_PerfectUITests.swift */; };
/* End PBXBuildFile section */

/* Begin PBXContainerItemProxy section */
		972F93471BDBE24500612765 /* PBXContainerItemProxy */ = {
			isa = PBXContainerItemProxy;
			containerPortal = 972F932A1BDBE24400612765 /* Project object */;
			proxyType = 1;
			remoteGlobalIDString = 972F93311BDBE24500612765;
			remoteInfo = "Picth Perfect";
		};
		972F93521BDBE24500612765 /* PBXContainerItemProxy */ = {
			isa = PBXContainerItemProxy;
			containerPortal = 972F932A1BDBE24400612765 /* Project object */;
			proxyType = 1;
			remoteGlobalIDString = 972F93311BDBE24500612765;
			remoteInfo = "Picth Perfect";
		};
/* End PBXContainerItemProxy section */

/* Begin PBXFileReference section */
		972F93321BDBE24500612765 /* Picth Perfect.app */ = {isa = PBXFileReference; explicitFileType = wrapper.application; includeInIndex = 0; path = "Picth Perfect.app"; sourceTree = BUILT_PRODUCTS_DIR; };
		972F93351BDBE24500612765 /* AppDelegate.swift */ = {isa = PBXFileReference; lastKnownFileType = sourcecode.swift; path = AppDelegate.swift; sourceTree = "<group>"; };
		972F93371BDBE24500612765 /* ViewController.swift */ = {isa = PBXFileReference; lastKnownFileType = sourcecode.swift; path = ViewController.swift; sourceTree = "<group>"; };
		972F933A1BDBE24500612765 /* Base */ = {isa = PBXFileReference; lastKnownFileType = file.storyboard; name = Base; path = Base.lproj/Main.storyboard; sourceTree = "<group>"; };
		972F933C1BDBE24500612765 /* Assets.xcassets */ = {isa = PBXFileReference; lastKnownFileType = folder.assetcatalog; path = Assets.xcassets; sourceTree = "<group>"; };
		972F933F1BDBE24500612765 /* Base */ = {isa = PBXFileReference; lastKnownFileType = file.storyboard; name = Base; path = Base.lproj/LaunchScreen.storyboard; sourceTree = "<group>"; };
		972F93411BDBE24500612765 /* Info.plist */ = {isa = PBXFileReference; lastKnownFileType = text.plist.xml; path = Info.plist; sourceTree = "<group>"; };
		972F93461BDBE24500612765 /* Picth PerfectTests.xctest */ = {isa = PBXFileReference; explicitFileType = wrapper.cfbundle; includeInIndex = 0; path = "Picth PerfectTests.xctest"; sourceTree = BUILT_PRODUCTS_DIR; };
		972F934A1BDBE24500612765 /* Picth_PerfectTests.swift */ = {isa = PBXFileReference; lastKnownFileType = sourcecode.swift; path = Picth_PerfectTests.swift; sourceTree = "<group>"; };
		972F934C1BDBE24500612765 /* Info.plist */ = {isa = PBXFileReference; lastKnownFileType = text.plist.xml; path = Info.plist; sourceTree = "<group>"; };
		972F93511BDBE24500612765 /* Picth PerfectUITests.xctest */ = {isa = PBXFileReference; explicitFileType = wrapper.cfbundle; includeInIndex = 0; path = "Picth PerfectUITests.xctest"; sourceTree = BUILT_PRODUCTS_DIR; };
		972F93551BDBE24500612765 /* Picth_PerfectUITests.swift */ = {isa = PBXFileReference; lastKnownFileType = sourcecode.swift; path = Picth_PerfectUITests.swift; sourceTree = "<group>"; };
		972F93571BDBE24500612765 /* Info.plist */ = {isa = PBXFileReference; lastKnownFileType = text.plist.xml; path = Info.plist; sourceTree = "<group>"; };
/* End PBXFileReference section */

/* Begin PBXFrameworksBuildPhase section */
		972F932F1BDBE24500612765 /* Frameworks */ = {
			isa = PBXFrameworksBuildPhase;
			buildActionMask = 2147483647;
			files = (
			);
			runOnlyForDeploymentPostprocessing = 0;
		};
		972F93431BDBE24500612765 /* Frameworks */ = {
			isa = PBXFrameworksBuildPhase;
			buildActionMask = 2147483647;
			files = (
			);
			runOnlyForDeploymentPostprocessing = 0;
		};
		972F934E1BDBE24500612765 /* Frameworks */ = {
			isa = PBXFrameworksBuildPhase;
			buildActionMask = 2147483647;
			files = (
			);
			runOnlyForDeploymentPostprocessing = 0;
		};
/* End PBXFrameworksBuildPhase section */

/* Begin PBXGroup section */
		972F93291BDBE24400612765 = {
			isa = PBXGroup;
			children = (
				972F93341BDBE24500612765 /* Picth Perfect */,
				972F93491BDBE24500612765 /* Picth PerfectTests */,
				972F93541BDBE24500612765 /* Picth PerfectUITests */,
				972F93331BDBE24500612765 /* Products */,
			);
			sourceTree = "<group>";
		};
		972F93331BDBE24500612765 /* Products */ = {
			isa = PBXGroup;
			children = (
				972F93321BDBE24500612765 /* Picth Perfect.app */,
				972F93461BDBE24500612765 /* Picth PerfectTests.xctest */,
				972F93511BDBE24500612765 /* Picth PerfectUITests.xctest */,
			);
			name = Products;
			sourceTree = "<group>";
		};
		972F93341BDBE24500612765 /* Picth Perfect */ = {
			isa = PBXGroup;
			children = (
				972F93351BDBE24500612765 /* AppDelegate.swift */,
				972F93371BDBE24500612765 /* ViewController.swift */,
				972F93391BDBE24500612765 /* Main.storyboard */,
				972F933C1BDBE24500612765 /* Assets.xcassets */,
				972F933E1BDBE24500612765 /* LaunchScreen.storyboard */,
				972F93411BDBE24500612765 /* Info.plist */,
			);
			path = "Picth Perfect";
			sourceTree = "<group>";
		};
		972F93491BDBE24500612765 /* Picth PerfectTests */ = {
			isa = PBXGroup;
			children = (
				972F934A1BDBE24500612765 /* Picth_PerfectTests.swift */,
				972F934C1BDBE24500612765 /* Info.plist */,
			);
			path = "Picth PerfectTests";
			sourceTree = "<group>";
		};
		972F93541BDBE24500612765 /* Picth PerfectUITests */ = {
			isa = PBXGroup;
			children = (
				972F93551BDBE24500612765 /* Picth_PerfectUITests.swift */,
				972F93571BDBE24500612765 /* Info.plist */,
			);
			path = "Picth PerfectUITests";
			sourceTree = "<group>";
		};
/* End PBXGroup section */

/* Begin PBXNativeTarget section */
		972F93311BDBE24500612765 /* Picth Perfect */ = {
			isa = PBXNativeTarget;
			buildConfigurationList = 972F935A1BDBE24500612765 /* Build configuration list for PBXNativeTarget "Picth Perfect" */;
			buildPhases = (
				972F932E1BDBE24500612765 /* Sources */,
				972F932F1BDBE24500612765 /* Frameworks */,
				972F93301BDBE24500612765 /* Resources */,
			);
			buildRules = (
			);
			dependencies = (
			);
			name = "Picth Perfect";
			productName = "Picth Perfect";
			productReference = 972F93321BDBE24500612765 /* Picth Perfect.app */;
			productType = "com.apple.product-type.application";
		};
		972F93451BDBE24500612765 /* Picth PerfectTests */ = {
			isa = PBXNativeTarget;
			buildConfigurationList = 972F935D1BDBE24500612765 /* Build configuration list for PBXNativeTarget "Picth PerfectTests" */;
			buildPhases = (
				972F93421BDBE24500612765 /* Sources */,
				972F93431BDBE24500612765 /* Frameworks */,
				972F93441BDBE24500612765 /* Resources */,
			);
			buildRules = (
			);
			dependencies = (
				972F93481BDBE24500612765 /* PBXTargetDependency */,
			);
			name = "Picth PerfectTests";
			productName = "Picth PerfectTests";
			productReference = 972F93461BDBE24500612765 /* Picth PerfectTests.xctest */;
			productType = "com.apple.product-type.bundle.unit-test";
		};
		972F93501BDBE24500612765 /* Picth PerfectUITests */ = {
			isa = PBXNativeTarget;
			buildConfigurationList = 972F93601BDBE24500612765 /* Build configuration list for PBXNativeTarget "Picth PerfectUITests" */;
			buildPhases = (
				972F934D1BDBE24500612765 /* Sources */,
				972F934E1BDBE24500612765 /* Frameworks */,
				972F934F1BDBE24500612765 /* Resources */,
			);
			buildRules = (
			);
			dependencies = (
				972F93531BDBE24500612765 /* PBXTargetDependency */,
			);
			name = "Picth PerfectUITests";
			productName = "Picth PerfectUITests";
			productReference = 972F93511BDBE24500612765 /* Picth PerfectUITests.xctest */;
			productType = "com.apple.product-type.bundle.ui-testing";
		};
/* End PBXNativeTarget section */

/* Begin PBXProject section */
		972F932A1BDBE24400612765 /* Project object */ = {
			isa = PBXProject;
			attributes = {
				LastSwiftUpdateCheck = 0710;
				LastUpgradeCheck = 0710;
				ORGANIZATIONNAME = "Ioannis Daratzikis";
				TargetAttributes = {
					972F93311BDBE24500612765 = {
						CreatedOnToolsVersion = 7.1;
					};
					972F93451BDBE24500612765 = {
						CreatedOnToolsVersion = 7.1;
						TestTargetID = 972F93311BDBE24500612765;
					};
					972F93501BDBE24500612765 = {
						CreatedOnToolsVersion = 7.1;
						TestTargetID = 972F93311BDBE24500612765;
					};
				};
			};
			buildConfigurationList = 972F932D1BDBE24400612765 /* Build configuration list for PBXProject "Picth Perfect" */;
			compatibilityVersion = "Xcode 3.2";
			developmentRegion = English;
			hasScannedForEncodings = 0;
			knownRegions = (
				en,
				Base,
			);
			mainGroup = 972F93291BDBE24400612765;
			productRefGroup = 972F93331BDBE24500612765 /* Products */;
			projectDirPath = "";
			projectRoot = "";
			targets = (
				972F93311BDBE24500612765 /* Picth Perfect */,
				972F93451BDBE24500612765 /* Picth PerfectTests */,
				972F93501BDBE24500612765 /* Picth PerfectUITests */,
			);
		};
/* End PBXProject section */

/* Begin PBXResourcesBuildPhase section */
		972F93301BDBE24500612765 /* Resources */ = {
			isa = PBXResourcesBuildPhase;
			buildActionMask = 2147483647;
			files = (
				972F93401BDBE24500612765 /* LaunchScreen.storyboard in Resources */,
				972F933D1BDBE24500612765 /* Assets.xcassets in Resources */,
				972F933B1BDBE24500612765 /* Main.storyboard in Resources */,
			);
			runOnlyForDeploymentPostprocessing = 0;
		};
		972F93441BDBE24500612765 /* Resources */ = {
			isa = PBXResourcesBuildPhase;
			buildActionMask = 2147483647;
			files = (
			);
			runOnlyForDeploymentPostprocessing = 0;
		};
		972F934F1BDBE24500612765 /* Resources */ = {
			isa = PBXResourcesBuildPhase;
			buildActionMask = 2147483647;
			files = (
			);
			runOnlyForDeploymentPostprocessing = 0;
		};
/* End PBXResourcesBuildPhase section */

/* Begin PBXSourcesBuildPhase section */
		972F932E1BDBE24500612765 /* Sources */ = {
			isa = PBXSourcesBuildPhase;
			buildActionMask = 2147483647;
			files = (
				972F93381BDBE24500612765 /* ViewController.swift in Sources */,
				972F93361BDBE24500612765 /* AppDelegate.swift in Sources */,
			);
			runOnlyForDeploymentPostprocessing = 0;
		};
		972F93421BDBE24500612765 /* Sources */ = {
			isa = PBXSourcesBuildPhase;
			buildActionMask = 2147483647;
			files = (
				972F934B1BDBE24500612765 /* Picth_PerfectTests.swift in Sources */,
			);
			runOnlyForDeploymentPostprocessing = 0;
		};
		972F934D1BDBE24500612765 /* Sources */ = {
			isa = PBXSourcesBuildPhase;
			buildActionMask = 2147483647;
			files = (
				972F93561BDBE24500612765 /* Picth_PerfectUITests.swift in Sources */,
			);
			runOnlyForDeploymentPostprocessing = 0;
		};
/* End PBXSourcesBuildPhase section */

/* Begin PBXTargetDependency section */
		972F93481BDBE24500612765 /* PBXTargetDependency */ = {
			isa = PBXTargetDependency;
			target = 972F93311BDBE24500612765 /* Picth Perfect */;
			targetProxy = 972F93471BDBE24500612765 /* PBXContainerItemProxy */;
		};
		972F93531BDBE24500612765 /* PBXTargetDependency */ = {
			isa = PBXTargetDependency;
			target = 972F93311BDBE24500612765 /* Picth Perfect */;
			targetProxy = 972F93521BDBE24500612765 /* PBXContainerItemProxy */;
		};
/* End PBXTargetDependency section */

/* Begin PBXVariantGroup section */
		972F93391BDBE24500612765 /* Main.storyboard */ = {
			isa = PBXVariantGroup;
			children = (
				972F933A1BDBE24500612765 /* Base */,
			);
			name = Main.storyboard;
			sourceTree = "<group>";
		};
		972F933E1BDBE24500612765 /* LaunchScreen.storyboard */ = {
			isa = PBXVariantGroup;
			children = (
				972F933F1BDBE24500612765 /* Base */,
			);
			name = LaunchScreen.storyboard;
			sourceTree = "<group>";
		};
/* End PBXVariantGroup section */

/* Begin XCBuildConfiguration section */
		972F93581BDBE24500612765 /* Debug */ = {
			isa = XCBuildConfiguration;
			buildSettings = {
				ALWAYS_SEARCH_USER_PATHS = NO;
				CLANG_CXX_LANGUAGE_STANDARD = "gnu++0x";
				CLANG_CXX_LIBRARY = "libc++";
				CLANG_ENABLE_MODULES = YES;
				CLANG_ENABLE_OBJC_ARC = YES;
				CLANG_WARN_BOOL_CONVERSION = YES;
				CLANG_WARN_CONSTANT_CONVERSION = YES;
				CLANG_WARN_DIRECT_OBJC_ISA_USAGE = YES_ERROR;
				CLANG_WARN_EMPTY_BODY = YES;
				CLANG_WARN_ENUM_CONVERSION = YES;
				CLANG_WARN_INT_CONVERSION = YES;
				CLANG_WARN_OBJC_ROOT_CLASS = YES_ERROR;
				CLANG_WARN_UNREACHABLE_CODE = YES;
				CLANG_WARN__DUPLICATE_METHOD_MATCH = YES;
				"CODE_SIGN_IDENTITY[sdk=iphoneos*]" = "iPhone Developer";
				COPY_PHASE_STRIP = NO;
				DEBUG_INFORMATION_FORMAT = dwarf;
				ENABLE_STRICT_OBJC_MSGSEND = YES;
				ENABLE_TESTABILITY = YES;
				GCC_C_LANGUAGE_STANDARD = gnu99;
				GCC_DYNAMIC_NO_PIC = NO;
				GCC_NO_COMMON_BLOCKS = YES;
				GCC_OPTIMIZATION_LEVEL = 0;
				GCC_PREPROCESSOR_DEFINITIONS = (
					"DEBUG=1",
					"$(inherited)",
				);
				GCC_WARN_64_TO_32_BIT_CONVERSION = YES;
				GCC_WARN_ABOUT_RETURN_TYPE = YES_ERROR;
				GCC_WARN_UNDECLARED_SELECTOR = YES;
				GCC_WARN_UNINITIALIZED_AUTOS = YES_AGGRESSIVE;
				GCC_WARN_UNUSED_FUNCTION = YES;
				GCC_WARN_UNUSED_VARIABLE = YES;
				IPHONEOS_DEPLOYMENT_TARGET = 9.1;
				MTL_ENABLE_DEBUG_INFO = YES;
				ONLY_ACTIVE_ARCH = YES;
				SDKROOT = iphoneos;
				SWIFT_OPTIMIZATION_LEVEL = "-Onone";
			};
			name = Debug;
		};
		972F93591BDBE24500612765 /* Release */ = {
			isa = XCBuildConfiguration;
			buildSettings = {
				ALWAYS_SEARCH_USER_PATHS = NO;
				CLANG_CXX_LANGUAGE_STANDARD = "gnu++0x";
				CLANG_CXX_LIBRARY = "libc++";
				CLANG_ENABLE_MODULES = YES;
				CLANG_ENABLE_OBJC_ARC = YES;
				CLANG_WARN_BOOL_CONVERSION = YES;
				CLANG_WARN_CONSTANT_CONVERSION = YES;
				CLANG_WARN_DIRECT_OBJC_ISA_USAGE = YES_ERROR;
				CLANG_WARN_EMPTY_BODY = YES;
				CLANG_WARN_ENUM_CONVERSION = YES;
				CLANG_WARN_INT_CONVERSION = YES;
				CLANG_WARN_OBJC_ROOT_CLASS = YES_ERROR;
				CLANG_WARN_UNREACHABLE_CODE = YES;
				CLANG_WARN__DUPLICATE_METHOD_MATCH = YES;
				"CODE_SIGN_IDENTITY[sdk=iphoneos*]" = "iPhone Developer";
				COPY_PHASE_STRIP = NO;
				DEBUG_INFORMATION_FORMAT = "dwarf-with-dsym";
				ENABLE_NS_ASSERTIONS = NO;
				ENABLE_STRICT_OBJC_MSGSEND = YES;
				GCC_C_LANGUAGE_STANDARD = gnu99;
				GCC_NO_COMMON_BLOCKS = YES;
				GCC_WARN_64_TO_32_BIT_CONVERSION = YES;
				GCC_WARN_ABOUT_RETURN_TYPE = YES_ERROR;
				GCC_WARN_UNDECLARED_SELECTOR = YES;
				GCC_WARN_UNINITIALIZED_AUTOS = YES_AGGRESSIVE;
				GCC_WARN_UNUSED_FUNCTION = YES;
				GCC_WARN_UNUSED_VARIABLE = YES;
				IPHONEOS_DEPLOYMENT_TARGET = 9.1;
				MTL_ENABLE_DEBUG_INFO = NO;
				SDKROOT = iphoneos;
				VALIDATE_PRODUCT = YES;
			};
			name = Release;
		};
		972F935B1BDBE24500612765 /* Debug */ = {
			isa = XCBuildConfiguration;
			buildSettings = {
				ASSETCATALOG_COMPILER_APPICON_NAME = AppIcon;
				INFOPLIST_FILE = "Picth Perfect/Info.plist";
				LD_RUNPATH_SEARCH_PATHS = "$(inherited) @executable_path/Frameworks";
				PRODUCT_BUNDLE_IDENTIFIER = "com.ioannisdaratzikis.Picth-Perfect";
				PRODUCT_NAME = "$(TARGET_NAME)";
			};
			name = Debug;
		};
		972F935C1BDBE24500612765 /* Release */ = {
			isa = XCBuildConfiguration;
			buildSettings = {
				ASSETCATALOG_COMPILER_APPICON_NAME = AppIcon;
				INFOPLIST_FILE = "Picth Perfect/Info.plist";
				LD_RUNPATH_SEARCH_PATHS = "$(inherited) @executable_path/Frameworks";
				PRODUCT_BUNDLE_IDENTIFIER = "com.ioannisdaratzikis.Picth-Perfect";
				PRODUCT_NAME = "$(TARGET_NAME)";
			};
			name = Release;
		};
		972F935E1BDBE24500612765 /* Debug */ = {
			isa = XCBuildConfiguration;
			buildSettings = {
				BUNDLE_LOADER = "$(TEST_HOST)";
				INFOPLIST_FILE = "Picth PerfectTests/Info.plist";
				LD_RUNPATH_SEARCH_PATHS = "$(inherited) @executable_path/Frameworks @loader_path/Frameworks";
				PRODUCT_BUNDLE_IDENTIFIER = "com.ioannisdaratzikis.Picth-PerfectTests";
				PRODUCT_NAME = "$(TARGET_NAME)";
				TEST_HOST = "$(BUILT_PRODUCTS_DIR)/Picth Perfect.app/Picth Perfect";
			};
			name = Debug;
		};
		972F935F1BDBE24500612765 /* Release */ = {
			isa = XCBuildConfiguration;
			buildSettings = {
				BUNDLE_LOADER = "$(TEST_HOST)";
				INFOPLIST_FILE = "Picth PerfectTests/Info.plist";
				LD_RUNPATH_SEARCH_PATHS = "$(inherited) @executable_path/Frameworks @loader_path/Frameworks";
				PRODUCT_BUNDLE_IDENTIFIER = "com.ioannisdaratzikis.Picth-PerfectTests";
				PRODUCT_NAME = "$(TARGET_NAME)";
				TEST_HOST = "$(BUILT_PRODUCTS_DIR)/Picth Perfect.app/Picth Perfect";
			};
			name = Release;
		};
		972F93611BDBE24500612765 /* Debug */ = {
			isa = XCBuildConfiguration;
			buildSettings = {
				INFOPLIST_FILE = "Picth PerfectUITests/Info.plist";
				LD_RUNPATH_SEARCH_PATHS = "$(inherited) @executable_path/Frameworks @loader_path/Frameworks";
				PRODUCT_BUNDLE_IDENTIFIER = "com.ioannisdaratzikis.Picth-PerfectUITests";
				PRODUCT_NAME = "$(TARGET_NAME)";
				TEST_TARGET_NAME = "Picth Perfect";
				USES_XCTRUNNER = YES;
			};
			name = Debug;
		};
		972F93621BDBE24500612765 /* Release */ = {
			isa = XCBuildConfiguration;
			buildSettings = {
				INFOPLIST_FILE = "Picth PerfectUITests/Info.plist";
				LD_RUNPATH_SEARCH_PATHS = "$(inherited) @executable_path/Frameworks @loader_path/Frameworks";
				PRODUCT_BUNDLE_IDENTIFIER = "com.ioannisdaratzikis.Picth-PerfectUITests";
				PRODUCT_NAME = "$(TARGET_NAME)";
				TEST_TARGET_NAME = "Picth Perfect";
				USES_XCTRUNNER = YES;
			};
			name = Release;
		};
/* End XCBuildConfiguration section */

/* Begin XCConfigurationList section */
		972F932D1BDBE24400612765 /* Build configuration list for PBXProject "Picth Perfect" */ = {
			isa = XCConfigurationList;
			buildConfigurations = (
				972F93581BDBE24500612765 /* Debug */,
				972F93591BDBE24500612765 /* Release */,
			);
			defaultConfigurationIsVisible = 0;
			defaultConfigurationName = Release;
		};
		972F935A1BDBE24500612765 /* Build configuration list for PBXNativeTarget "Picth Perfect" */ = {
			isa = XCConfigurationList;
			buildConfigurations = (
				972F935B1BDBE24500612765 /* Debug */,
				972F935C1BDBE24500612765 /* Release */,
			);
			defaultConfigurationIsVisible = 0;
		};
		972F935D1BDBE24500612765 /* Build configuration list for PBXNativeTarget "Picth PerfectTests" */ = {
			isa = XCConfigurationList;
			buildConfigurations = (
				972F935E1BDBE24500612765 /* Debug */,
				972F935F1BDBE24500612765 /* Release */,
			);
			defaultConfigurationIsVisible = 0;
		};
		972F93601BDBE24500612765 /* Build configuration list for PBXNativeTarget "Picth PerfectUITests" */ = {
			isa = XCConfigurationList;
			buildConfigurations = (
				972F93611BDBE24500612765 /* Debug */,
				972F93621BDBE24500612765 /* Release */,
			);
			defaultConfigurationIsVisible = 0;
		};
/* End XCConfigurationList section */
	};
	rootObject = 972F932A1BDBE24400612765 /* Project object */;
}
